// !$*UTF8*$!
{
	archiveVersion = 1;
	classes = {
	};
	objectVersion = 77;
	objects = {

/* Begin PBXBuildFile section */
		2711A8AD2F17146D00D9758E /* AppDelegate.swift in Sources */ = {isa = PBXBuildFile; fileRef = 2711A8AC2F17146D00D9758E /* AppDelegate.swift */; };
		2711A8B12F17146D00D9758E /* Main.html in Resources */ = {isa = PBXBuildFile; fileRef = 2711A8AF2F17146D00D9758E /* Main.html */; };
		2711A8B32F17146D00D9758E /* Icon.png in Resources */ = {isa = PBXBuildFile; fileRef = 2711A8B22F17146D00D9758E /* Icon.png */; };
		2711A8B52F17146D00D9758E /* Style.css in Resources */ = {isa = PBXBuildFile; fileRef = 2711A8B42F17146D00D9758E /* Style.css */; };
		2711A8B72F17146D00D9758E /* Script.js in Resources */ = {isa = PBXBuildFile; fileRef = 2711A8B62F17146D00D9758E /* Script.js */; };
		2711A8B92F17146D00D9758E /* ViewController.swift in Sources */ = {isa = PBXBuildFile; fileRef = 2711A8B82F17146D00D9758E /* ViewController.swift */; };
		2711A8BC2F17146D00D9758E /* Main.storyboard in Resources */ = {isa = PBXBuildFile; fileRef = 2711A8BA2F17146D00D9758E /* Main.storyboard */; };
		2711A8BE2F17146E00D9758E /* Assets.xcassets in Resources */ = {isa = PBXBuildFile; fileRef = 2711A8BD2F17146E00D9758E /* Assets.xcassets */; };
		2711A8C52F17146E00D9758E /* ElevenReader Extension.appex in Embed Foundation Extensions */ = {isa = PBXBuildFile; fileRef = 2711A8C42F17146E00D9758E /* ElevenReader Extension.appex */; settings = {ATTRIBUTES = (RemoveHeadersOnCopy, ); }; };
		2711A8CA2F17146E00D9758E /* SafariWebExtensionHandler.swift in Sources */ = {isa = PBXBuildFile; fileRef = 2711A8C92F17146E00D9758E /* SafariWebExtensionHandler.swift */; };
		2711A8DF2F17146F00D9758E /* background.js in Resources */ = {isa = PBXBuildFile; fileRef = 2711A8D62F17146F00D9758E /* background.js */; };
		2711A8E02F17146F00D9758E /* images in Resources */ = {isa = PBXBuildFile; fileRef = 2711A8D72F17146F00D9758E /* images */; };
		2711A8E12F17146F00D9758E /* options.js in Resources */ = {isa = PBXBuildFile; fileRef = 2711A8D82F17146F00D9758E /* options.js */; };
		2711A8E22F17146F00D9758E /* _metadata in Resources */ = {isa = PBXBuildFile; fileRef = 2711A8D92F17146F00D9758E /* _metadata */; };
		2711A8E32F17146F00D9758E /* manifest.json in Resources */ = {isa = PBXBuildFile; fileRef = 2711A8DA2F17146F00D9758E /* manifest.json */; };
		2711A8E42F17146F00D9758E /* options.html in Resources */ = {isa = PBXBuildFile; fileRef = 2711A8DB2F17146F00D9758E /* options.html */; };
		2711A8E52F17146F00D9758E /* content.js in Resources */ = {isa = PBXBuildFile; fileRef = 2711A8DC2F17146F00D9758E /* content.js */; };
		2711A8E62F17146F00D9758E /* fonts in Resources */ = {isa = PBXBuildFile; fileRef = 2711A8DD2F17146F00D9758E /* fonts */; };
		2711A8E72F17146F00D9758E /* assets in Resources */ = {isa = PBXBuildFile; fileRef = 2711A8DE2F17146F00D9758E /* assets */; };
/* End PBXBuildFile section */

/* Begin PBXContainerItemProxy section */
		2711A8C62F17146E00D9758E /* PBXContainerItemProxy */ = {
			isa = PBXContainerItemProxy;
			containerPortal = 2711A8A12F17146D00D9758E /* Project object */;
			proxyType = 1;
			remoteGlobalIDString = 2711A8C32F17146E00D9758E;
			remoteInfo = "ElevenReader Extension";
		};
/* End PBXContainerItemProxy section */

/* Begin PBXCopyFilesBuildPhase section */
		2711A8D12F17146E00D9758E /* Embed Foundation Extensions */ = {
			isa = PBXCopyFilesBuildPhase;
			buildActionMask = 2147483647;
			dstPath = "";
			dstSubfolderSpec = 13;
			files = (
				2711A8C52F17146E00D9758E /* ElevenReader Extension.appex in Embed Foundation Extensions */,
			);
			name = "Embed Foundation Extensions";
			runOnlyForDeploymentPostprocessing = 0;
		};
/* End PBXCopyFilesBuildPhase section */

/* Begin PBXFileReference section */
		2711A8A92F17146D00D9758E /* ElevenReader.app */ = {isa = PBXFileReference; explicitFileType = wrapper.application; includeInIndex = 0; path = ElevenReader.app; sourceTree = BUILT_PRODUCTS_DIR; };
		2711A8AC2F17146D00D9758E /* AppDelegate.swift */ = {isa = PBXFileReference; lastKnownFileType = sourcecode.swift; path = AppDelegate.swift; sourceTree = "<group>"; };
		2711A8B02F17146D00D9758E /* Base */ = {isa = PBXFileReference; lastKnownFileType = text.html; name = Base; path = Base.lproj/Main.html; sourceTree = "<group>"; };
		2711A8B22F17146D00D9758E /* Icon.png */ = {isa = PBXFileReference; lastKnownFileType = image.png; path = Icon.png; sourceTree = "<group>"; };
		2711A8B42F17146D00D9758E /* Style.css */ = {isa = PBXFileReference; lastKnownFileType = text.css; path = Style.css; sourceTree = "<group>"; };
		2711A8B62F17146D00D9758E /* Script.js */ = {isa = PBXFileReference; lastKnownFileType = sourcecode.javascript; path = Script.js; sourceTree = "<group>"; };
		2711A8B82F17146D00D9758E /* ViewController.swift */ = {isa = PBXFileReference; lastKnownFileType = sourcecode.swift; path = ViewController.swift; sourceTree = "<group>"; };
		2711A8BB2F17146D00D9758E /* Base */ = {isa = PBXFileReference; lastKnownFileType = file.storyboard; name = Base; path = Base.lproj/Main.storyboard; sourceTree = "<group>"; };
		2711A8BD2F17146E00D9758E /* Assets.xcassets */ = {isa = PBXFileReference; lastKnownFileType = folder.assetcatalog; path = Assets.xcassets; sourceTree = "<group>"; };
		2711A8BF2F17146E00D9758E /* Info.plist */ = {isa = PBXFileReference; lastKnownFileType = text.plist.xml; path = Info.plist; sourceTree = "<group>"; };
		2711A8C42F17146E00D9758E /* ElevenReader Extension.appex */ = {isa = PBXFileReference; explicitFileType = "wrapper.app-extension"; includeInIndex = 0; path = "ElevenReader Extension.appex"; sourceTree = BUILT_PRODUCTS_DIR; };
		2711A8C92F17146E00D9758E /* SafariWebExtensionHandler.swift */ = {isa = PBXFileReference; lastKnownFileType = sourcecode.swift; path = SafariWebExtensionHandler.swift; sourceTree = "<group>"; };
		2711A8CB2F17146E00D9758E /* Info.plist */ = {isa = PBXFileReference; lastKnownFileType = text.plist.xml; path = Info.plist; sourceTree = "<group>"; };
		2711A8D62F17146F00D9758E /* background.js */ = {isa = PBXFileReference; lastKnownFileType = sourcecode.javascript; name = background.js; path = Resources/background.js; sourceTree = "<group>"; };
		2711A8D72F17146F00D9758E /* images */ = {isa = PBXFileReference; lastKnownFileType = folder; name = images; path = Resources/images; sourceTree = "<group>"; };
		2711A8D82F17146F00D9758E /* options.js */ = {isa = PBXFileReference; lastKnownFileType = sourcecode.javascript; name = options.js; path = Resources/options.js; sourceTree = "<group>"; };
		2711A8D92F17146F00D9758E /* _metadata */ = {isa = PBXFileReference; lastKnownFileType = folder; name = _metadata; path = Resources/_metadata; sourceTree = "<group>"; };
		2711A8DA2F17146F00D9758E /* manifest.json */ = {isa = PBXFileReference; lastKnownFileType = text.json; name = manifest.json; path = Resources/manifest.json; sourceTree = "<group>"; };
		2711A8DB2F17146F00D9758E /* options.html */ = {isa = PBXFileReference; lastKnownFileType = text.html; name = options.html; path = Resources/options.html; sourceTree = "<group>"; };
		2711A8DC2F17146F00D9758E /* content.js */ = {isa = PBXFileReference; lastKnownFileType = sourcecode.javascript; name = content.js; path = Resources/content.js; sourceTree = "<group>"; };
		2711A8DD2F17146F00D9758E /* fonts */ = {isa = PBXFileReference; lastKnownFileType = folder; name = fonts; path = Resources/fonts; sourceTree = "<group>"; };
		2711A8DE2F17146F00D9758E /* assets */ = {isa = PBXFileReference; lastKnownFileType = folder; name = assets; path = Resources/assets; sourceTree = "<group>"; };
/* End PBXFileReference section */

/* Begin PBXFrameworksBuildPhase section */
		2711A8A62F17146D00D9758E /* Frameworks */ = {
			isa = PBXFrameworksBuildPhase;
			buildActionMask = 2147483647;
			files = (
			);
			runOnlyForDeploymentPostprocessing = 0;
		};
		2711A8C12F17146E00D9758E /* Frameworks */ = {
			isa = PBXFrameworksBuildPhase;
			buildActionMask = 2147483647;
			files = (
			);
			runOnlyForDeploymentPostprocessing = 0;
		};
/* End PBXFrameworksBuildPhase section */

/* Begin PBXGroup section */
		2711A8A02F17146D00D9758E = {
			isa = PBXGroup;
			children = (
				2711A8AB2F17146D00D9758E /* ElevenReader */,
				2711A8C82F17146E00D9758E /* ElevenReader Extension */,
				2711A8AA2F17146D00D9758E /* Products */,
			);
			sourceTree = "<group>";
		};
		2711A8AA2F17146D00D9758E /* Products */ = {
			isa = PBXGroup;
			children = (
				2711A8A92F17146D00D9758E /* ElevenReader.app */,
				2711A8C42F17146E00D9758E /* ElevenReader Extension.appex */,
			);
			name = Products;
			sourceTree = "<group>";
		};
		2711A8AB2F17146D00D9758E /* ElevenReader */ = {
			isa = PBXGroup;
			children = (
				2711A8AC2F17146D00D9758E /* AppDelegate.swift */,
				2711A8B82F17146D00D9758E /* ViewController.swift */,
				2711A8BA2F17146D00D9758E /* Main.storyboard */,
				2711A8BD2F17146E00D9758E /* Assets.xcassets */,
				2711A8BF2F17146E00D9758E /* Info.plist */,
				2711A8AE2F17146D00D9758E /* Resources */,
			);
			path = ElevenReader;
			sourceTree = "<group>";
		};
		2711A8AE2F17146D00D9758E /* Resources */ = {
			isa = PBXGroup;
			children = (
				2711A8AF2F17146D00D9758E /* Main.html */,
				2711A8B22F17146D00D9758E /* Icon.png */,
				2711A8B42F17146D00D9758E /* Style.css */,
				2711A8B62F17146D00D9758E /* Script.js */,
			);
			path = Resources;
			sourceTree = "<group>";
		};
		2711A8C82F17146E00D9758E /* ElevenReader Extension */ = {
			isa = PBXGroup;
			children = (
				2711A8D52F17146F00D9758E /* Resources */,
				2711A8C92F17146E00D9758E /* SafariWebExtensionHandler.swift */,
				2711A8CB2F17146E00D9758E /* Info.plist */,
			);
			path = "ElevenReader Extension";
			sourceTree = "<group>";
		};
		2711A8D52F17146F00D9758E /* Resources */ = {
			isa = PBXGroup;
			children = (
				2711A8D62F17146F00D9758E /* background.js */,
				2711A8D72F17146F00D9758E /* images */,
				2711A8D82F17146F00D9758E /* options.js */,
				2711A8D92F17146F00D9758E /* _metadata */,
				2711A8DA2F17146F00D9758E /* manifest.json */,
				2711A8DB2F17146F00D9758E /* options.html */,
				2711A8DC2F17146F00D9758E /* content.js */,
				2711A8DD2F17146F00D9758E /* fonts */,
				2711A8DE2F17146F00D9758E /* assets */,
			);
			name = Resources;
			path = "ElevenReader Extension";
			sourceTree = SOURCE_ROOT;
		};
/* End PBXGroup section */

/* Begin PBXNativeTarget section */
		2711A8A82F17146D00D9758E /* ElevenReader */ = {
			isa = PBXNativeTarget;
			buildConfigurationList = 2711A8D22F17146E00D9758E /* Build configuration list for PBXNativeTarget "ElevenReader" */;
			buildPhases = (
				2711A8A52F17146D00D9758E /* Sources */,
				2711A8A62F17146D00D9758E /* Frameworks */,
				2711A8A72F17146D00D9758E /* Resources */,
				2711A8D12F17146E00D9758E /* Embed Foundation Extensions */,
			);
			buildRules = (
			);
			dependencies = (
				2711A8C72F17146E00D9758E /* PBXTargetDependency */,
			);
			name = ElevenReader;
			packageProductDependencies = (
			);
			productName = ElevenReader;
			productReference = 2711A8A92F17146D00D9758E /* ElevenReader.app */;
			productType = "com.apple.product-type.application";
		};
		2711A8C32F17146E00D9758E /* ElevenReader Extension */ = {
			isa = PBXNativeTarget;
			buildConfigurationList = 2711A8CE2F17146E00D9758E /* Build configuration list for PBXNativeTarget "ElevenReader Extension" */;
			buildPhases = (
				2711A8C02F17146E00D9758E /* Sources */,
				2711A8C12F17146E00D9758E /* Frameworks */,
				2711A8C22F17146E00D9758E /* Resources */,
			);
			buildRules = (
			);
			dependencies = (
			);
			name = "ElevenReader Extension";
			packageProductDependencies = (
			);
			productName = "ElevenReader Extension";
			productReference = 2711A8C42F17146E00D9758E /* ElevenReader Extension.appex */;
			productType = "com.apple.product-type.app-extension";
		};
/* End PBXNativeTarget section */

/* Begin PBXProject section */
		2711A8A12F17146D00D9758E /* Project object */ = {
			isa = PBXProject;
			attributes = {
				BuildIndependentTargetsInParallel = 1;
				LastSwiftUpdateCheck = 2620;
				LastUpgradeCheck = 2620;
				TargetAttributes = {
					2711A8A82F17146D00D9758E = {
						CreatedOnToolsVersion = 26.2;
					};
					2711A8C32F17146E00D9758E = {
						CreatedOnToolsVersion = 26.2;
					};
				};
			};
			buildConfigurationList = 2711A8A42F17146D00D9758E /* Build configuration list for PBXProject "ElevenReader" */;
			developmentRegion = en;
			hasScannedForEncodings = 0;
			knownRegions = (
				en,
				Base,
			);
			mainGroup = 2711A8A02F17146D00D9758E;
			minimizedProjectReferenceProxies = 1;
			preferredProjectObjectVersion = 77;
			productRefGroup = 2711A8AA2F17146D00D9758E /* Products */;
			projectDirPath = "";
			projectRoot = "";
			targets = (
				2711A8A82F17146D00D9758E /* ElevenReader */,
				2711A8C32F17146E00D9758E /* ElevenReader Extension */,
			);
		};
/* End PBXProject section */

/* Begin PBXResourcesBuildPhase section */
		2711A8A72F17146D00D9758E /* Resources */ = {
			isa = PBXResourcesBuildPhase;
			buildActionMask = 2147483647;
			files = (
				2711A8B32F17146D00D9758E /* Icon.png in Resources */,
				2711A8BC2F17146D00D9758E /* Main.storyboard in Resources */,
				2711A8B72F17146D00D9758E /* Script.js in Resources */,
				2711A8B12F17146D00D9758E /* Main.html in Resources */,
				2711A8BE2F17146E00D9758E /* Assets.xcassets in Resources */,
				2711A8B52F17146D00D9758E /* Style.css in Resources */,
			);
			runOnlyForDeploymentPostprocessing = 0;
		};
		2711A8C22F17146E00D9758E /* Resources */ = {
			isa = PBXResourcesBuildPhase;
			buildActionMask = 2147483647;
			files = (
				2711A8E02F17146F00D9758E /* images in Resources */,
				2711A8E22F17146F00D9758E /* _metadata in Resources */,
				2711A8E32F17146F00D9758E /* manifest.json in Resources */,
				2711A8E72F17146F00D9758E /* assets in Resources */,
				2711A8E12F17146F00D9758E /* options.js in Resources */,
				2711A8DF2F17146F00D9758E /* background.js in Resources */,
				2711A8E52F17146F00D9758E /* content.js in Resources */,
				2711A8E42F17146F00D9758E /* options.html in Resources */,
				2711A8E62F17146F00D9758E /* fonts in Resources */,
			);
			runOnlyForDeploymentPostprocessing = 0;
		};
/* End PBXResourcesBuildPhase section */

/* Begin PBXSourcesBuildPhase section */
		2711A8A52F17146D00D9758E /* Sources */ = {
			isa = PBXSourcesBuildPhase;
			buildActionMask = 2147483647;
			files = (
				2711A8B92F17146D00D9758E /* ViewController.swift in Sources */,
				2711A8AD2F17146D00D9758E /* AppDelegate.swift in Sources */,
			);
			runOnlyForDeploymentPostprocessing = 0;
		};
		2711A8C02F17146E00D9758E /* Sources */ = {
			isa = PBXSourcesBuildPhase;
			buildActionMask = 2147483647;
			files = (
				2711A8CA2F17146E00D9758E /* SafariWebExtensionHandler.swift in Sources */,
			);
			runOnlyForDeploymentPostprocessing = 0;
		};
/* End PBXSourcesBuildPhase section */

/* Begin PBXTargetDependency section */
		2711A8C72F17146E00D9758E /* PBXTargetDependency */ = {
			isa = PBXTargetDependency;
			target = 2711A8C32F17146E00D9758E /* ElevenReader Extension */;
			targetProxy = 2711A8C62F17146E00D9758E /* PBXContainerItemProxy */;
		};
/* End PBXTargetDependency section */

/* Begin PBXVariantGroup section */
		2711A8AF2F17146D00D9758E /* Main.html */ = {
			isa = PBXVariantGroup;
			children = (
				2711A8B02F17146D00D9758E /* Base */,
			);
			name = Main.html;
			sourceTree = "<group>";
		};
		2711A8BA2F17146D00D9758E /* Main.storyboard */ = {
			isa = PBXVariantGroup;
			children = (
				2711A8BB2F17146D00D9758E /* Base */,
			);
			name = Main.storyboard;
			sourceTree = "<group>";
		};
/* End PBXVariantGroup section */

/* Begin XCBuildConfiguration section */
		2711A8CC2F17146E00D9758E /* Debug */ = {
			isa = XCBuildConfiguration;
			buildSettings = {
				ALWAYS_SEARCH_USER_PATHS = NO;
				ASSETCATALOG_COMPILER_GENERATE_SWIFT_ASSET_SYMBOL_EXTENSIONS = YES;
				CLANG_ANALYZER_NONNULL = YES;
				CLANG_ANALYZER_NUMBER_OBJECT_CONVERSION = YES_AGGRESSIVE;
				CLANG_CXX_LANGUAGE_STANDARD = "gnu++20";
				CLANG_ENABLE_MODULES = YES;
				CLANG_ENABLE_OBJC_ARC = YES;
				CLANG_ENABLE_OBJC_WEAK = YES;
				CLANG_WARN_BLOCK_CAPTURE_AUTORELEASING = YES;
				CLANG_WARN_BOOL_CONVERSION = YES;
				CLANG_WARN_COMMA = YES;
				CLANG_WARN_CONSTANT_CONVERSION = YES;
				CLANG_WARN_DEPRECATED_OBJC_IMPLEMENTATIONS = YES;
				CLANG_WARN_DIRECT_OBJC_ISA_USAGE = YES_ERROR;
				CLANG_WARN_DOCUMENTATION_COMMENTS = YES;
				CLANG_WARN_EMPTY_BODY = YES;
				CLANG_WARN_ENUM_CONVERSION = YES;
				CLANG_WARN_INFINITE_RECURSION = YES;
				CLANG_WARN_INT_CONVERSION = YES;
				CLANG_WARN_NON_LITERAL_NULL_CONVERSION = YES;
				CLANG_WARN_OBJC_IMPLICIT_RETAIN_SELF = YES;
				CLANG_WARN_OBJC_LITERAL_CONVERSION = YES;
				CLANG_WARN_OBJC_ROOT_CLASS = YES_ERROR;
				CLANG_WARN_QUOTED_INCLUDE_IN_FRAMEWORK_HEADER = YES;
				CLANG_WARN_RANGE_LOOP_ANALYSIS = YES;
				CLANG_WARN_STRICT_PROTOTYPES = YES;
				CLANG_WARN_SUSPICIOUS_MOVE = YES;
				CLANG_WARN_UNGUARDED_AVAILABILITY = YES_AGGRESSIVE;
				CLANG_WARN_UNREACHABLE_CODE = YES;
				CLANG_WARN__DUPLICATE_METHOD_MATCH = YES;
				COPY_PHASE_STRIP = NO;
				DEBUG_INFORMATION_FORMAT = dwarf;
				ENABLE_STRICT_OBJC_MSGSEND = YES;
				ENABLE_TESTABILITY = YES;
				ENABLE_USER_SCRIPT_SANDBOXING = YES;
				GCC_C_LANGUAGE_STANDARD = gnu17;
				GCC_DYNAMIC_NO_PIC = NO;
				GCC_NO_COMMON_BLOCKS = YES;
				GCC_OPTIMIZATION_LEVEL = 0;
				GCC_PREPROCESSOR_DEFINITIONS = (
					"DEBUG=1",
					"$(inherited)",
				);
				GCC_WARN_64_TO_32_BIT_CONVERSION = YES;
				GCC_WARN_ABOUT_RETURN_TYPE = YES_ERROR;
				GCC_WARN_UNDECLARED_SELECTOR = YES;
				GCC_WARN_UNINITIALIZED_AUTOS = YES_AGGRESSIVE;
				GCC_WARN_UNUSED_FUNCTION = YES;
				GCC_WARN_UNUSED_VARIABLE = YES;
				LOCALIZATION_PREFERS_STRING_CATALOGS = YES;
				MACOSX_DEPLOYMENT_TARGET = 26.2;
				MTL_ENABLE_DEBUG_INFO = INCLUDE_SOURCE;
				MTL_FAST_MATH = YES;
				ONLY_ACTIVE_ARCH = YES;
				SDKROOT = macosx;
				SWIFT_ACTIVE_COMPILATION_CONDITIONS = "DEBUG $(inherited)";
				SWIFT_OPTIMIZATION_LEVEL = "-Onone";
			};
			name = Debug;
		};
		2711A8CD2F17146E00D9758E /* Release */ = {
			isa = XCBuildConfiguration;
			buildSettings = {
				ALWAYS_SEARCH_USER_PATHS = NO;
				ASSETCATALOG_COMPILER_GENERATE_SWIFT_ASSET_SYMBOL_EXTENSIONS = YES;
				CLANG_ANALYZER_NONNULL = YES;
				CLANG_ANALYZER_NUMBER_OBJECT_CONVERSION = YES_AGGRESSIVE;
				CLANG_CXX_LANGUAGE_STANDARD = "gnu++20";
				CLANG_ENABLE_MODULES = YES;
				CLANG_ENABLE_OBJC_ARC = YES;
				CLANG_ENABLE_OBJC_WEAK = YES;
				CLANG_WARN_BLOCK_CAPTURE_AUTORELEASING = YES;
				CLANG_WARN_BOOL_CONVERSION = YES;
				CLANG_WARN_COMMA = YES;
				CLANG_WARN_CONSTANT_CONVERSION = YES;
				CLANG_WARN_DEPRECATED_OBJC_IMPLEMENTATIONS = YES;
				CLANG_WARN_DIRECT_OBJC_ISA_USAGE = YES_ERROR;
				CLANG_WARN_DOCUMENTATION_COMMENTS = YES;
				CLANG_WARN_EMPTY_BODY = YES;
				CLANG_WARN_ENUM_CONVERSION = YES;
				CLANG_WARN_INFINITE_RECURSION = YES;
				CLANG_WARN_INT_CONVERSION = YES;
				CLANG_WARN_NON_LITERAL_NULL_CONVERSION = YES;
				CLANG_WARN_OBJC_IMPLICIT_RETAIN_SELF = YES;
				CLANG_WARN_OBJC_LITERAL_CONVERSION = YES;
				CLANG_WARN_OBJC_ROOT_CLASS = YES_ERROR;
				CLANG_WARN_QUOTED_INCLUDE_IN_FRAMEWORK_HEADER = YES;
				CLANG_WARN_RANGE_LOOP_ANALYSIS = YES;
				CLANG_WARN_STRICT_PROTOTYPES = YES;
				CLANG_WARN_SUSPICIOUS_MOVE = YES;
				CLANG_WARN_UNGUARDED_AVAILABILITY = YES_AGGRESSIVE;
				CLANG_WARN_UNREACHABLE_CODE = YES;
				CLANG_WARN__DUPLICATE_METHOD_MATCH = YES;
				COPY_PHASE_STRIP = NO;
				DEBUG_INFORMATION_FORMAT = "dwarf-with-dsym";
				ENABLE_NS_ASSERTIONS = NO;
				ENABLE_STRICT_OBJC_MSGSEND = YES;
				ENABLE_USER_SCRIPT_SANDBOXING = YES;
				GCC_C_LANGUAGE_STANDARD = gnu17;
				GCC_NO_COMMON_BLOCKS = YES;
				GCC_WARN_64_TO_32_BIT_CONVERSION = YES;
				GCC_WARN_ABOUT_RETURN_TYPE = YES_ERROR;
				GCC_WARN_UNDECLARED_SELECTOR = YES;
				GCC_WARN_UNINITIALIZED_AUTOS = YES_AGGRESSIVE;
				GCC_WARN_UNUSED_FUNCTION = YES;
				GCC_WARN_UNUSED_VARIABLE = YES;
				LOCALIZATION_PREFERS_STRING_CATALOGS = YES;
				MACOSX_DEPLOYMENT_TARGET = 26.2;
				MTL_ENABLE_DEBUG_INFO = NO;
				MTL_FAST_MATH = YES;
				SDKROOT = macosx;
				SWIFT_COMPILATION_MODE = wholemodule;
			};
			name = Release;
		};
		2711A8CF2F17146E00D9758E /* Debug */ = {
			isa = XCBuildConfiguration;
			buildSettings = {
				CODE_SIGN_STYLE = Automatic;
				CURRENT_PROJECT_VERSION = 1;
				DEVELOPMENT_TEAM = 54U29J7PG6;
				ENABLE_APP_SANDBOX = YES;
				ENABLE_HARDENED_RUNTIME = YES;
				ENABLE_USER_SELECTED_FILES = readonly;
				GENERATE_INFOPLIST_FILE = YES;
				INFOPLIST_FILE = "ElevenReader Extension/Info.plist";
				INFOPLIST_KEY_CFBundleDisplayName = "ElevenReader Extension";
				INFOPLIST_KEY_NSHumanReadableCopyright = "";
				LD_RUNPATH_SEARCH_PATHS = (
					"$(inherited)",
					"@executable_path/../Frameworks",
					"@executable_path/../../../../Frameworks",
				);
				MACOSX_DEPLOYMENT_TARGET = 10.14;
				MARKETING_VERSION = 1.0;
				OTHER_LDFLAGS = (
					"-framework",
					SafariServices,
				);
				PRODUCT_BUNDLE_IDENTIFIER = com.malo.ElevenReader.Extension;
				PRODUCT_NAME = "$(TARGET_NAME)";
				SKIP_INSTALL = YES;
				STRING_CATALOG_GENERATE_SYMBOLS = YES;
				SWIFT_APPROACHABLE_CONCURRENCY = YES;
				SWIFT_EMIT_LOC_STRINGS = YES;
				SWIFT_UPCOMING_FEATURE_MEMBER_IMPORT_VISIBILITY = YES;
				SWIFT_VERSION = 5.0;
			};
			name = Debug;
		};
		2711A8D02F17146E00D9758E /* Release */ = {
			isa = XCBuildConfiguration;
			buildSettings = {
				CODE_SIGN_STYLE = Automatic;
				CURRENT_PROJECT_VERSION = 1;
				DEVELOPMENT_TEAM = 54U29J7PG6;
				ENABLE_APP_SANDBOX = YES;
				ENABLE_HARDENED_RUNTIME = YES;
				ENABLE_USER_SELECTED_FILES = readonly;
				GENERATE_INFOPLIST_FILE = YES;
				INFOPLIST_FILE = "ElevenReader Extension/Info.plist";
				INFOPLIST_KEY_CFBundleDisplayName = "ElevenReader Extension";
				INFOPLIST_KEY_NSHumanReadableCopyright = "";
				LD_RUNPATH_SEARCH_PATHS = (
					"$(inherited)",
					"@executable_path/../Frameworks",
					"@executable_path/../../../../Frameworks",
				);
				MACOSX_DEPLOYMENT_TARGET = 10.14;
				MARKETING_VERSION = 1.0;
				OTHER_LDFLAGS = (
					"-framework",
					SafariServices,
				);
				PRODUCT_BUNDLE_IDENTIFIER = com.malo.ElevenReader.Extension;
				PRODUCT_NAME = "$(TARGET_NAME)";
				SKIP_INSTALL = YES;
				STRING_CATALOG_GENERATE_SYMBOLS = YES;
				SWIFT_APPROACHABLE_CONCURRENCY = YES;
				SWIFT_EMIT_LOC_STRINGS = YES;
				SWIFT_UPCOMING_FEATURE_MEMBER_IMPORT_VISIBILITY = YES;
				SWIFT_VERSION = 5.0;
			};
			name = Release;
		};
		2711A8D32F17146E00D9758E /* Debug */ = {
			isa = XCBuildConfiguration;
			buildSettings = {
				ASSETCATALOG_COMPILER_APPICON_NAME = AppIcon;
				ASSETCATALOG_COMPILER_GLOBAL_ACCENT_COLOR_NAME = AccentColor;
				"CODE_SIGN_IDENTITY[sdk=macosx*]" = "Apple Development";
				CODE_SIGN_STYLE = Automatic;
				COMBINE_HIDPI_IMAGES = YES;
				CURRENT_PROJECT_VERSION = 1;
				DEVELOPMENT_TEAM = 54U29J7PG6;
				ENABLE_APP_SANDBOX = YES;
				ENABLE_HARDENED_RUNTIME = YES;
				ENABLE_OUTGOING_NETWORK_CONNECTIONS = YES;
				ENABLE_USER_SELECTED_FILES = readonly;
				GENERATE_INFOPLIST_FILE = YES;
				INFOPLIST_FILE = ElevenReader/Info.plist;
				INFOPLIST_KEY_CFBundleDisplayName = ElevenReader;
				INFOPLIST_KEY_NSHumanReadableCopyright = "";
				INFOPLIST_KEY_NSMainStoryboardFile = Main;
				INFOPLIST_KEY_NSPrincipalClass = NSApplication;
				LD_RUNPATH_SEARCH_PATHS = (
					"$(inherited)",
					"@executable_path/../Frameworks",
				);
				MARKETING_VERSION = 1.0;
				OTHER_LDFLAGS = (
					"-framework",
					SafariServices,
					"-framework",
					WebKit,
				);
				PRODUCT_BUNDLE_IDENTIFIER = com.malo.ElevenReader;
				PRODUCT_NAME = "$(TARGET_NAME)";
				REGISTER_APP_GROUPS = YES;
				STRING_CATALOG_GENERATE_SYMBOLS = YES;
				SWIFT_APPROACHABLE_CONCURRENCY = YES;
				SWIFT_DEFAULT_ACTOR_ISOLATION = MainActor;
				SWIFT_EMIT_LOC_STRINGS = YES;
				SWIFT_UPCOMING_FEATURE_MEMBER_IMPORT_VISIBILITY = YES;
				SWIFT_VERSION = 5.0;
			};
			name = Debug;
		};
		2711A8D42F17146E00D9758E /* Release */ = {
			isa = XCBuildConfiguration;
			buildSettings = {
				ASSETCATALOG_COMPILER_APPICON_NAME = AppIcon;
				ASSETCATALOG_COMPILER_GLOBAL_ACCENT_COLOR_NAME = AccentColor;
				"CODE_SIGN_IDENTITY[sdk=macosx*]" = "Apple Development";
				CODE_SIGN_STYLE = Automatic;
				COMBINE_HIDPI_IMAGES = YES;
				CURRENT_PROJECT_VERSION = 1;
				DEVELOPMENT_TEAM = 54U29J7PG6;
				ENABLE_APP_SANDBOX = YES;
				ENABLE_HARDENED_RUNTIME = YES;
				ENABLE_OUTGOING_NETWORK_CONNECTIONS = YES;
				ENABLE_USER_SELECTED_FILES = readonly;
				GENERATE_INFOPLIST_FILE = YES;
				INFOPLIST_FILE = ElevenReader/Info.plist;
				INFOPLIST_KEY_CFBundleDisplayName = ElevenReader;
				INFOPLIST_KEY_NSHumanReadableCopyright = "";
				INFOPLIST_KEY_NSMainStoryboardFile = Main;
				INFOPLIST_KEY_NSPrincipalClass = NSApplication;
				LD_RUNPATH_SEARCH_PATHS = (
					"$(inherited)",
					"@executable_path/../Frameworks",
				);
				MARKETING_VERSION = 1.0;
				OTHER_LDFLAGS = (
					"-framework",
					SafariServices,
					"-framework",
					WebKit,
				);
				PRODUCT_BUNDLE_IDENTIFIER = com.malo.ElevenReader;
				PRODUCT_NAME = "$(TARGET_NAME)";
				REGISTER_APP_GROUPS = YES;
				STRING_CATALOG_GENERATE_SYMBOLS = YES;
				SWIFT_APPROACHABLE_CONCURRENCY = YES;
				SWIFT_DEFAULT_ACTOR_ISOLATION = MainActor;
				SWIFT_EMIT_LOC_STRINGS = YES;
				SWIFT_UPCOMING_FEATURE_MEMBER_IMPORT_VISIBILITY = YES;
				SWIFT_VERSION = 5.0;
			};
			name = Release;
		};
/* End XCBuildConfiguration section */

/* Begin XCConfigurationList section */
		2711A8A42F17146D00D9758E /* Build configuration list for PBXProject "ElevenReader" */ = {
			isa = XCConfigurationList;
			buildConfigurations = (
				2711A8CC2F17146E00D9758E /* Debug */,
				2711A8CD2F17146E00D9758E /* Release */,
			);
			defaultConfigurationIsVisible = 0;
			defaultConfigurationName = Release;
		};
		2711A8CE2F17146E00D9758E /* Build configuration list for PBXNativeTarget "ElevenReader Extension" */ = {
			isa = XCConfigurationList;
			buildConfigurations = (
				2711A8CF2F17146E00D9758E /* Debug */,
				2711A8D02F17146E00D9758E /* Release */,
			);
			defaultConfigurationIsVisible = 0;
			defaultConfigurationName = Release;
		};
		2711A8D22F17146E00D9758E /* Build configuration list for PBXNativeTarget "ElevenReader" */ = {
			isa = XCConfigurationList;
			buildConfigurations = (
				2711A8D32F17146E00D9758E /* Debug */,
				2711A8D42F17146E00D9758E /* Release */,
			);
			defaultConfigurationIsVisible = 0;
			defaultConfigurationName = Release;
		};
/* End XCConfigurationList section */
	};
	rootObject = 2711A8A12F17146D00D9758E /* Project object */;
}
